
Microsoft Visual Studio Solution File, Format Version 12.00
# Visual Studio Version 17
VisualStudioVersion = 17.14.36511.14
MinimumVisualStudioVersion = 10.0.40219.1
Project("{FAE04EC0-301F-11D3-BF4B-00C04F79EFBC}") = "Week3OOp", "Week3OOp\Week3OOp.csproj", "{2F8AC9E5-703A-4F9A-AEA1-9E56F6F40D3C}"
EndProject
Project("{FAE04EC0-301F-11D3-BF4B-00C04F79EFBC}") = "LibraryTests", "LibraryTests\LibraryTests.csproj", "{EABC762A-4962-4D81-B791-6C1F75622605}"
EndProject
Global
	GlobalSection(SolutionConfigurationPlatforms) = preSolution
		Debug|Any CPU = Debug|Any CPU
		Release|Any CPU = Release|Any CPU
	EndGlobalSection
	GlobalSection(ProjectConfigurationPlatforms) = postSolution
		{2F8AC9E5-703A-4F9A-AEA1-9E56F6F40D3C}.Debug|Any CPU.ActiveCfg = Debug|Any CPU
		{2F8AC9E5-703A-4F9A-AEA1-9E56F6F40D3C}.Debug|Any CPU.Build.0 = Debug|Any CPU
		{2F8AC9E5-703A-4F9A-AEA1-9E56F6F40D3C}.Release|Any CPU.ActiveCfg = Release|Any CPU
		{2F8AC9E5-703A-4F9A-AEA1-9E56F6F40D3C}.Release|Any CPU.Build.0 = Release|Any CPU
		{EABC762A-4962-4D81-B791-6C1F75622605}.Debug|Any CPU.ActiveCfg = Debug|Any CPU
		{EABC762A-4962-4D81-B791-6C1F75622605}.Debug|Any CPU.Build.0 = Debug|Any CPU
		{EABC762A-4962-4D81-B791-6C1F75622605}.Release|Any CPU.ActiveCfg = Release|Any CPU
		{EABC762A-4962-4D81-B791-6C1F75622605}.Release|Any CPU.Build.0 = Release|Any CPU
	EndGlobalSection
	GlobalSection(SolutionProperties) = preSolution
		HideSolutionNode = FALSE
	EndGlobalSection
	GlobalSection(ExtensibilityGlobals) = postSolution
		SolutionGuid = {60041A55-17E4-4FC8-82A6-2D042EC12D85}
	EndGlobalSection
EndGlobal
